// !$*UTF8*$!
{
	archiveVersion = 1;
	classes = {
	};
	objectVersion = 55;
	objects = {

/* Begin PBXBuildFile section */
		478B20CB27B15B8100406CF3 /* Tests_iOS.swift in Sources */ = {isa = PBXBuildFile; fileRef = 478B20CA27B15B8100406CF3 /* Tests_iOS.swift */; };
		478B20CD27B15B8100406CF3 /* Tests_iOSLaunchTests.swift in Sources */ = {isa = PBXBuildFile; fileRef = 478B20CC27B15B8100406CF3 /* Tests_iOSLaunchTests.swift */; };
		478B20D727B15B8100406CF3 /* Tests_macOS.swift in Sources */ = {isa = PBXBuildFile; fileRef = 478B20D627B15B8100406CF3 /* Tests_macOS.swift */; };
		478B20D927B15B8100406CF3 /* Tests_macOSLaunchTests.swift in Sources */ = {isa = PBXBuildFile; fileRef = 478B20D827B15B8100406CF3 /* Tests_macOSLaunchTests.swift */; };
		478B20DA27B15B8100406CF3 /* UI_453App.swift in Sources */ = {isa = PBXBuildFile; fileRef = 478B20B227B15B8000406CF3 /* UI_453App.swift */; };
		478B20DB27B15B8100406CF3 /* UI_453App.swift in Sources */ = {isa = PBXBuildFile; fileRef = 478B20B227B15B8000406CF3 /* UI_453App.swift */; };
		478B20DD27B15B8100406CF3 /* ContentView.swift in Sources */ = {isa = PBXBuildFile; fileRef = 478B20B327B15B8000406CF3 /* ContentView.swift */; };
		478B20DE27B15B8100406CF3 /* Assets.xcassets in Resources */ = {isa = PBXBuildFile; fileRef = 478B20B427B15B8100406CF3 /* Assets.xcassets */; };
		478B20DF27B15B8100406CF3 /* Assets.xcassets in Resources */ = {isa = PBXBuildFile; fileRef = 478B20B427B15B8100406CF3 /* Assets.xcassets */; };
		478B20F427B15C5600406CF3 /* Home.swift in Sources */ = {isa = PBXBuildFile; fileRef = 478B20EF27B15B9F00406CF3 /* Home.swift */; };
		478B20F527B15C5800406CF3 /* PickImageViewModel.swift in Sources */ = {isa = PBXBuildFile; fileRef = 478B20F227B15BDC00406CF3 /* PickImageViewModel.swift */; };
		478B20F727B15C7B00406CF3 /* Contents.json in Resources */ = {isa = PBXBuildFile; fileRef = 478B20F627B15C7B00406CF3 /* Contents.json */; };
/* End PBXBuildFile section */

/* Begin PBXContainerItemProxy section */
		478B20C727B15B8100406CF3 /* PBXContainerItemProxy */ = {
			isa = PBXContainerItemProxy;
			containerPortal = 478B20AD27B15B8000406CF3 /* Project object */;
			proxyType = 1;
			remoteGlobalIDString = 478B20B827B15B8100406CF3;
			remoteInfo = "UI-453 (iOS)";
		};
		478B20D327B15B8100406CF3 /* PBXContainerItemProxy */ = {
			isa = PBXContainerItemProxy;
			containerPortal = 478B20AD27B15B8000406CF3 /* Project object */;
			proxyType = 1;
			remoteGlobalIDString = 478B20BE27B15B8100406CF3;
			remoteInfo = "UI-453 (macOS)";
		};
/* End PBXContainerItemProxy section */

/* Begin PBXFileReference section */
		478B20B227B15B8000406CF3 /* UI_453App.swift */ = {isa = PBXFileReference; lastKnownFileType = sourcecode.swift; path = UI_453App.swift; sourceTree = "<group>"; };
		478B20B327B15B8000406CF3 /* ContentView.swift */ = {isa = PBXFileReference; lastKnownFileType = sourcecode.swift; path = ContentView.swift; sourceTree = "<group>"; };
		478B20B427B15B8100406CF3 /* Assets.xcassets */ = {isa = PBXFileReference; lastKnownFileType = folder.assetcatalog; path = Assets.xcassets; sourceTree = "<group>"; };
		478B20B927B15B8100406CF3 /* UI-453.app */ = {isa = PBXFileReference; explicitFileType = wrapper.application; includeInIndex = 0; path = "UI-453.app"; sourceTree = BUILT_PRODUCTS_DIR; };
		478B20BF27B15B8100406CF3 /* UI-453.app */ = {isa = PBXFileReference; explicitFileType = wrapper.application; includeInIndex = 0; path = "UI-453.app"; sourceTree = BUILT_PRODUCTS_DIR; };
		478B20C127B15B8100406CF3 /* macOS.entitlements */ = {isa = PBXFileReference; lastKnownFileType = text.plist.entitlements; path = macOS.entitlements; sourceTree = "<group>"; };
		478B20C627B15B8100406CF3 /* Tests iOS.xctest */ = {isa = PBXFileReference; explicitFileType = wrapper.cfbundle; includeInIndex = 0; path = "Tests iOS.xctest"; sourceTree = BUILT_PRODUCTS_DIR; };
		478B20CA27B15B8100406CF3 /* Tests_iOS.swift */ = {isa = PBXFileReference; lastKnownFileType = sourcecode.swift; path = Tests_iOS.swift; sourceTree = "<group>"; };
		478B20CC27B15B8100406CF3 /* Tests_iOSLaunchTests.swift */ = {isa = PBXFileReference; lastKnownFileType = sourcecode.swift; path = Tests_iOSLaunchTests.swift; sourceTree = "<group>"; };
		478B20D227B15B8100406CF3 /* Tests macOS.xctest */ = {isa = PBXFileReference; explicitFileType = wrapper.cfbundle; includeInIndex = 0; path = "Tests macOS.xctest"; sourceTree = BUILT_PRODUCTS_DIR; };
		478B20D627B15B8100406CF3 /* Tests_macOS.swift */ = {isa = PBXFileReference; lastKnownFileType = sourcecode.swift; path = Tests_macOS.swift; sourceTree = "<group>"; };
		478B20D827B15B8100406CF3 /* Tests_macOSLaunchTests.swift */ = {isa = PBXFileReference; lastKnownFileType = sourcecode.swift; path = Tests_macOSLaunchTests.swift; sourceTree = "<group>"; };
		478B20EF27B15B9F00406CF3 /* Home.swift */ = {isa = PBXFileReference; lastKnownFileType = sourcecode.swift; path = Home.swift; sourceTree = "<group>"; };
		478B20F227B15BDC00406CF3 /* PickImageViewModel.swift */ = {isa = PBXFileReference; lastKnownFileType = sourcecode.swift; path = PickImageViewModel.swift; sourceTree = "<group>"; };
		478B20F627B15C7B00406CF3 /* Contents.json */ = {isa = PBXFileReference; fileEncoding = 4; lastKnownFileType = text.json; path = Contents.json; sourceTree = "<group>"; };
/* End PBXFileReference section */

/* Begin PBXFrameworksBuildPhase section */
		478B20B627B15B8100406CF3 /* Frameworks */ = {
			isa = PBXFrameworksBuildPhase;
			buildActionMask = 2147483647;
			files = (
			);
			runOnlyForDeploymentPostprocessing = 0;
		};
		478B20BC27B15B8100406CF3 /* Frameworks */ = {
			isa = PBXFrameworksBuildPhase;
			buildActionMask = 2147483647;
			files = (
			);
			runOnlyForDeploymentPostprocessing = 0;
		};
		478B20C327B15B8100406CF3 /* Frameworks */ = {
			isa = PBXFrameworksBuildPhase;
			buildActionMask = 2147483647;
			files = (
			);
			runOnlyForDeploymentPostprocessing = 0;
		};
		478B20CF27B15B8100406CF3 /* Frameworks */ = {
			isa = PBXFrameworksBuildPhase;
			buildActionMask = 2147483647;
			files = (
			);
			runOnlyForDeploymentPostprocessing = 0;
		};
/* End PBXFrameworksBuildPhase section */

/* Begin PBXGroup section */
		478B20AC27B15B8000406CF3 = {
			isa = PBXGroup;
			children = (
				478B20F627B15C7B00406CF3 /* Contents.json */,
				478B20B127B15B8000406CF3 /* Shared */,
				478B20C027B15B8100406CF3 /* macOS */,
				478B20C927B15B8100406CF3 /* Tests iOS */,
				478B20D527B15B8100406CF3 /* Tests macOS */,
				478B20BA27B15B8100406CF3 /* Products */,
			);
			sourceTree = "<group>";
		};
		478B20B127B15B8000406CF3 /* Shared */ = {
			isa = PBXGroup;
			children = (
				478B20F127B15BCC00406CF3 /* ViewModel */,
				478B20EE27B15B9A00406CF3 /* View */,
				478B20B227B15B8000406CF3 /* UI_453App.swift */,
				478B20B327B15B8000406CF3 /* ContentView.swift */,
				478B20B427B15B8100406CF3 /* Assets.xcassets */,
			);
			path = Shared;
			sourceTree = "<group>";
		};
		478B20BA27B15B8100406CF3 /* Products */ = {
			isa = PBXGroup;
			children = (
				478B20B927B15B8100406CF3 /* UI-453.app */,
				478B20BF27B15B8100406CF3 /* UI-453.app */,
				478B20C627B15B8100406CF3 /* Tests iOS.xctest */,
				478B20D227B15B8100406CF3 /* Tests macOS.xctest */,
			);
			name = Products;
			sourceTree = "<group>";
		};
		478B20C027B15B8100406CF3 /* macOS */ = {
			isa = PBXGroup;
			children = (
				478B20C127B15B8100406CF3 /* macOS.entitlements */,
			);
			path = macOS;
			sourceTree = "<group>";
		};
		478B20C927B15B8100406CF3 /* Tests iOS */ = {
			isa = PBXGroup;
			children = (
				478B20CA27B15B8100406CF3 /* Tests_iOS.swift */,
				478B20CC27B15B8100406CF3 /* Tests_iOSLaunchTests.swift */,
			);
			path = "Tests iOS";
			sourceTree = "<group>";
		};
		478B20D527B15B8100406CF3 /* Tests macOS */ = {
			isa = PBXGroup;
			children = (
				478B20D627B15B8100406CF3 /* Tests_macOS.swift */,
				478B20D827B15B8100406CF3 /* Tests_macOSLaunchTests.swift */,
			);
			path = "Tests macOS";
			sourceTree = "<group>";
		};
		478B20EE27B15B9A00406CF3 /* View */ = {
			isa = PBXGroup;
			children = (
				478B20EF27B15B9F00406CF3 /* Home.swift */,
			);
			path = View;
			sourceTree = "<group>";
		};
		478B20F127B15BCC00406CF3 /* ViewModel */ = {
			isa = PBXGroup;
			children = (
				478B20F227B15BDC00406CF3 /* PickImageViewModel.swift */,
			);
			path = ViewModel;
			sourceTree = "<group>";
		};
/* End PBXGroup section */

/* Begin PBXNativeTarget section */
		478B20B827B15B8100406CF3 /* UI-453 (iOS) */ = {
			isa = PBXNativeTarget;
			buildConfigurationList = 478B20E227B15B8100406CF3 /* Build configuration list for PBXNativeTarget "UI-453 (iOS)" */;
			buildPhases = (
				478B20B527B15B8100406CF3 /* Sources */,
				478B20B627B15B8100406CF3 /* Frameworks */,
				478B20B727B15B8100406CF3 /* Resources */,
			);
			buildRules = (
			);
			dependencies = (
			);
			name = "UI-453 (iOS)";
			productName = "UI-453 (iOS)";
			productReference = 478B20B927B15B8100406CF3 /* UI-453.app */;
			productType = "com.apple.product-type.application";
		};
		478B20BE27B15B8100406CF3 /* UI-453 (macOS) */ = {
			isa = PBXNativeTarget;
			buildConfigurationList = 478B20E527B15B8100406CF3 /* Build configuration list for PBXNativeTarget "UI-453 (macOS)" */;
			buildPhases = (
				478B20BB27B15B8100406CF3 /* Sources */,
				478B20BC27B15B8100406CF3 /* Frameworks */,
				478B20BD27B15B8100406CF3 /* Resources */,
			);
			buildRules = (
			);
			dependencies = (
			);
			name = "UI-453 (macOS)";
			productName = "UI-453 (macOS)";
			productReference = 478B20BF27B15B8100406CF3 /* UI-453.app */;
			productType = "com.apple.product-type.application";
		};
		478B20C527B15B8100406CF3 /* Tests iOS */ = {
			isa = PBXNativeTarget;
			buildConfigurationList = 478B20E827B15B8100406CF3 /* Build configuration list for PBXNativeTarget "Tests iOS" */;
			buildPhases = (
				478B20C227B15B8100406CF3 /* Sources */,
				478B20C327B15B8100406CF3 /* Frameworks */,
				478B20C427B15B8100406CF3 /* Resources */,
			);
			buildRules = (
			);
			dependencies = (
				478B20C827B15B8100406CF3 /* PBXTargetDependency */,
			);
			name = "Tests iOS";
			productName = "Tests iOS";
			productReference = 478B20C627B15B8100406CF3 /* Tests iOS.xctest */;
			productType = "com.apple.product-type.bundle.ui-testing";
		};
		478B20D127B15B8100406CF3 /* Tests macOS */ = {
			isa = PBXNativeTarget;
			buildConfigurationList = 478B20EB27B15B8100406CF3 /* Build configuration list for PBXNativeTarget "Tests macOS" */;
			buildPhases = (
				478B20CE27B15B8100406CF3 /* Sources */,
				478B20CF27B15B8100406CF3 /* Frameworks */,
				478B20D027B15B8100406CF3 /* Resources */,
			);
			buildRules = (
			);
			dependencies = (
				478B20D427B15B8100406CF3 /* PBXTargetDependency */,
			);
			name = "Tests macOS";
			productName = "Tests macOS";
			productReference = 478B20D227B15B8100406CF3 /* Tests macOS.xctest */;
			productType = "com.apple.product-type.bundle.ui-testing";
		};
/* End PBXNativeTarget section */

/* Begin PBXProject section */
		478B20AD27B15B8000406CF3 /* Project object */ = {
			isa = PBXProject;
			attributes = {
				BuildIndependentTargetsInParallel = 1;
				LastSwiftUpdateCheck = 1320;
				LastUpgradeCheck = 1320;
				TargetAttributes = {
					478B20B827B15B8100406CF3 = {
						CreatedOnToolsVersion = 13.2.1;
					};
					478B20BE27B15B8100406CF3 = {
						CreatedOnToolsVersion = 13.2.1;
					};
					478B20C527B15B8100406CF3 = {
						CreatedOnToolsVersion = 13.2.1;
						TestTargetID = 478B20B827B15B8100406CF3;
					};
					478B20D127B15B8100406CF3 = {
						CreatedOnToolsVersion = 13.2.1;
						TestTargetID = 478B20BE27B15B8100406CF3;
					};
				};
			};
			buildConfigurationList = 478B20B027B15B8000406CF3 /* Build configuration list for PBXProject "UI-453" */;
			compatibilityVersion = "Xcode 13.0";
			developmentRegion = en;
			hasScannedForEncodings = 0;
			knownRegions = (
				en,
				Base,
			);
			mainGroup = 478B20AC27B15B8000406CF3;
			productRefGroup = 478B20BA27B15B8100406CF3 /* Products */;
			projectDirPath = "";
			projectRoot = "";
			targets = (
				478B20B827B15B8100406CF3 /* UI-453 (iOS) */,
				478B20BE27B15B8100406CF3 /* UI-453 (macOS) */,
				478B20C527B15B8100406CF3 /* Tests iOS */,
				478B20D127B15B8100406CF3 /* Tests macOS */,
			);
		};
/* End PBXProject section */

/* Begin PBXResourcesBuildPhase section */
		478B20B727B15B8100406CF3 /* Resources */ = {
			isa = PBXResourcesBuildPhase;
			buildActionMask = 2147483647;
			files = (
				478B20DE27B15B8100406CF3 /* Assets.xcassets in Resources */,
			);
			runOnlyForDeploymentPostprocessing = 0;
		};
		478B20BD27B15B8100406CF3 /* Resources */ = {
			isa = PBXResourcesBuildPhase;
			buildActionMask = 2147483647;
			files = (
				478B20DF27B15B8100406CF3 /* Assets.xcassets in Resources */,
				478B20F727B15C7B00406CF3 /* Contents.json in Resources */,
			);
			runOnlyForDeploymentPostprocessing = 0;
		};
		478B20C427B15B8100406CF3 /* Resources */ = {
			isa = PBXResourcesBuildPhase;
			buildActionMask = 2147483647;
			files = (
			);
			runOnlyForDeploymentPostprocessing = 0;
		};
		478B20D027B15B8100406CF3 /* Resources */ = {
			isa = PBXResourcesBuildPhase;
			buildActionMask = 2147483647;
			files = (
			);
			runOnlyForDeploymentPostprocessing = 0;
		};
/* End PBXResourcesBuildPhase section */

/* Begin PBXSourcesBuildPhase section */
		478B20B527B15B8100406CF3 /* Sources */ = {
			isa = PBXSourcesBuildPhase;
			buildActionMask = 2147483647;
			files = (
				478B20DA27B15B8100406CF3 /* UI_453App.swift in Sources */,
			);
			runOnlyForDeploymentPostprocessing = 0;
		};
		478B20BB27B15B8100406CF3 /* Sources */ = {
			isa = PBXSourcesBuildPhase;
			buildActionMask = 2147483647;
			files = (
				478B20DD27B15B8100406CF3 /* ContentView.swift in Sources */,
				478B20F527B15C5800406CF3 /* PickImageViewModel.swift in Sources */,
				478B20F427B15C5600406CF3 /* Home.swift in Sources */,
				478B20DB27B15B8100406CF3 /* UI_453App.swift in Sources */,
			);
			runOnlyForDeploymentPostprocessing = 0;
		};
		478B20C227B15B8100406CF3 /* Sources */ = {
			isa = PBXSourcesBuildPhase;
			buildActionMask = 2147483647;
			files = (
				478B20CD27B15B8100406CF3 /* Tests_iOSLaunchTests.swift in Sources */,
				478B20CB27B15B8100406CF3 /* Tests_iOS.swift in Sources */,
			);
			runOnlyForDeploymentPostprocessing = 0;
		};
		478B20CE27B15B8100406CF3 /* Sources */ = {
			isa = PBXSourcesBuildPhase;
			buildActionMask = 2147483647;
			files = (
				478B20D927B15B8100406CF3 /* Tests_macOSLaunchTests.swift in Sources */,
				478B20D727B15B8100406CF3 /* Tests_macOS.swift in Sources */,
			);
			runOnlyForDeploymentPostprocessing = 0;
		};
/* End PBXSourcesBuildPhase section */

/* Begin PBXTargetDependency section */
		478B20C827B15B8100406CF3 /* PBXTargetDependency */ = {
			isa = PBXTargetDependency;
			target = 478B20B827B15B8100406CF3 /* UI-453 (iOS) */;
			targetProxy = 478B20C727B15B8100406CF3 /* PBXContainerItemProxy */;
		};
		478B20D427B15B8100406CF3 /* PBXTargetDependency */ = {
			isa = PBXTargetDependency;
			target = 478B20BE27B15B8100406CF3 /* UI-453 (macOS) */;
			targetProxy = 478B20D327B15B8100406CF3 /* PBXContainerItemProxy */;
		};
/* End PBXTargetDependency section */

/* Begin XCBuildConfiguration section */
		478B20E027B15B8100406CF3 /* Debug */ = {
			isa = XCBuildConfiguration;
			buildSettings = {
				ALWAYS_SEARCH_USER_PATHS = NO;
				CLANG_ANALYZER_NONNULL = YES;
				CLANG_ANALYZER_NUMBER_OBJECT_CONVERSION = YES_AGGRESSIVE;
				CLANG_CXX_LANGUAGE_STANDARD = "gnu++17";
				CLANG_CXX_LIBRARY = "libc++";
				CLANG_ENABLE_MODULES = YES;
				CLANG_ENABLE_OBJC_ARC = YES;
				CLANG_ENABLE_OBJC_WEAK = YES;
				CLANG_WARN_BLOCK_CAPTURE_AUTORELEASING = YES;
				CLANG_WARN_BOOL_CONVERSION = YES;
				CLANG_WARN_COMMA = YES;
				CLANG_WARN_CONSTANT_CONVERSION = YES;
				CLANG_WARN_DEPRECATED_OBJC_IMPLEMENTATIONS = YES;
				CLANG_WARN_DIRECT_OBJC_ISA_USAGE = YES_ERROR;
				CLANG_WARN_DOCUMENTATION_COMMENTS = YES;
				CLANG_WARN_EMPTY_BODY = YES;
				CLANG_WARN_ENUM_CONVERSION = YES;
				CLANG_WARN_INFINITE_RECURSION = YES;
				CLANG_WARN_INT_CONVERSION = YES;
				CLANG_WARN_NON_LITERAL_NULL_CONVERSION = YES;
				CLANG_WARN_OBJC_IMPLICIT_RETAIN_SELF = YES;
				CLANG_WARN_OBJC_LITERAL_CONVERSION = YES;
				CLANG_WARN_OBJC_ROOT_CLASS = YES_ERROR;
				CLANG_WARN_QUOTED_INCLUDE_IN_FRAMEWORK_HEADER = YES;
				CLANG_WARN_RANGE_LOOP_ANALYSIS = YES;
				CLANG_WARN_STRICT_PROTOTYPES = YES;
				CLANG_WARN_SUSPICIOUS_MOVE = YES;
				CLANG_WARN_UNGUARDED_AVAILABILITY = YES_AGGRESSIVE;
				CLANG_WARN_UNREACHABLE_CODE = YES;
				CLANG_WARN__DUPLICATE_METHOD_MATCH = YES;
				COPY_PHASE_STRIP = NO;
				DEBUG_INFORMATION_FORMAT = dwarf;
				ENABLE_STRICT_OBJC_MSGSEND = YES;
				ENABLE_TESTABILITY = YES;
				GCC_C_LANGUAGE_STANDARD = gnu11;
				GCC_DYNAMIC_NO_PIC = NO;
				GCC_NO_COMMON_BLOCKS = YES;
				GCC_OPTIMIZATION_LEVEL = 0;
				GCC_PREPROCESSOR_DEFINITIONS = (
					"DEBUG=1",
					"$(inherited)",
				);
				GCC_WARN_64_TO_32_BIT_CONVERSION = YES;
				GCC_WARN_ABOUT_RETURN_TYPE = YES_ERROR;
				GCC_WARN_UNDECLARED_SELECTOR = YES;
				GCC_WARN_UNINITIALIZED_AUTOS = YES_AGGRESSIVE;
				GCC_WARN_UNUSED_FUNCTION = YES;
				GCC_WARN_UNUSED_VARIABLE = YES;
				MTL_ENABLE_DEBUG_INFO = INCLUDE_SOURCE;
				MTL_FAST_MATH = YES;
				ONLY_ACTIVE_ARCH = YES;
				SWIFT_ACTIVE_COMPILATION_CONDITIONS = DEBUG;
				SWIFT_OPTIMIZATION_LEVEL = "-Onone";
			};
			name = Debug;
		};
		478B20E127B15B8100406CF3 /* Release */ = {
			isa = XCBuildConfiguration;
			buildSettings = {
				ALWAYS_SEARCH_USER_PATHS = NO;
				CLANG_ANALYZER_NONNULL = YES;
				CLANG_ANALYZER_NUMBER_OBJECT_CONVERSION = YES_AGGRESSIVE;
				CLANG_CXX_LANGUAGE_STANDARD = "gnu++17";
				CLANG_CXX_LIBRARY = "libc++";
				CLANG_ENABLE_MODULES = YES;
				CLANG_ENABLE_OBJC_ARC = YES;
				CLANG_ENABLE_OBJC_WEAK = YES;
				CLANG_WARN_BLOCK_CAPTURE_AUTORELEASING = YES;
				CLANG_WARN_BOOL_CONVERSION = YES;
				CLANG_WARN_COMMA = YES;
				CLANG_WARN_CONSTANT_CONVERSION = YES;
				CLANG_WARN_DEPRECATED_OBJC_IMPLEMENTATIONS = YES;
				CLANG_WARN_DIRECT_OBJC_ISA_USAGE = YES_ERROR;
				CLANG_WARN_DOCUMENTATION_COMMENTS = YES;
				CLANG_WARN_EMPTY_BODY = YES;
				CLANG_WARN_ENUM_CONVERSION = YES;
				CLANG_WARN_INFINITE_RECURSION = YES;
				CLANG_WARN_INT_CONVERSION = YES;
				CLANG_WARN_NON_LITERAL_NULL_CONVERSION = YES;
				CLANG_WARN_OBJC_IMPLICIT_RETAIN_SELF = YES;
				CLANG_WARN_OBJC_LITERAL_CONVERSION = YES;
				CLANG_WARN_OBJC_ROOT_CLASS = YES_ERROR;
				CLANG_WARN_QUOTED_INCLUDE_IN_FRAMEWORK_HEADER = YES;
				CLANG_WARN_RANGE_LOOP_ANALYSIS = YES;
				CLANG_WARN_STRICT_PROTOTYPES = YES;
				CLANG_WARN_SUSPICIOUS_MOVE = YES;
				CLANG_WARN_UNGUARDED_AVAILABILITY = YES_AGGRESSIVE;
				CLANG_WARN_UNREACHABLE_CODE = YES;
				CLANG_WARN__DUPLICATE_METHOD_MATCH = YES;
				COPY_PHASE_STRIP = NO;
				DEBUG_INFORMATION_FORMAT = "dwarf-with-dsym";
				ENABLE_NS_ASSERTIONS = NO;
				ENABLE_STRICT_OBJC_MSGSEND = YES;
				GCC_C_LANGUAGE_STANDARD = gnu11;
				GCC_NO_COMMON_BLOCKS = YES;
				GCC_WARN_64_TO_32_BIT_CONVERSION = YES;
				GCC_WARN_ABOUT_RETURN_TYPE = YES_ERROR;
				GCC_WARN_UNDECLARED_SELECTOR = YES;
				GCC_WARN_UNINITIALIZED_AUTOS = YES_AGGRESSIVE;
				GCC_WARN_UNUSED_FUNCTION = YES;
				GCC_WARN_UNUSED_VARIABLE = YES;
				MTL_ENABLE_DEBUG_INFO = NO;
				MTL_FAST_MATH = YES;
				SWIFT_COMPILATION_MODE = wholemodule;
				SWIFT_OPTIMIZATION_LEVEL = "-O";
			};
			name = Release;
		};
		478B20E327B15B8100406CF3 /* Debug */ = {
			isa = XCBuildConfiguration;
			buildSettings = {
				ASSETCATALOG_COMPILER_APPICON_NAME = AppIcon;
				ASSETCATALOG_COMPILER_GLOBAL_ACCENT_COLOR_NAME = AccentColor;
				CODE_SIGN_STYLE = Automatic;
				CURRENT_PROJECT_VERSION = 1;
				DEVELOPMENT_TEAM = 8CL4U468K5;
				ENABLE_PREVIEWS = YES;
				GENERATE_INFOPLIST_FILE = YES;
				INFOPLIST_KEY_UIApplicationSceneManifest_Generation = YES;
				INFOPLIST_KEY_UIApplicationSupportsIndirectInputEvents = YES;
				INFOPLIST_KEY_UILaunchScreen_Generation = YES;
				INFOPLIST_KEY_UISupportedInterfaceOrientations_iPad = "UIInterfaceOrientationPortrait UIInterfaceOrientationPortraitUpsideDown UIInterfaceOrientationLandscapeLeft UIInterfaceOrientationLandscapeRight";
				INFOPLIST_KEY_UISupportedInterfaceOrientations_iPhone = "UIInterfaceOrientationPortrait UIInterfaceOrientationLandscapeLeft UIInterfaceOrientationLandscapeRight";
				IPHONEOS_DEPLOYMENT_TARGET = 15.2;
				LD_RUNPATH_SEARCH_PATHS = (
					"$(inherited)",
					"@executable_path/Frameworks",
				);
				MARKETING_VERSION = 1.0;
				PRODUCT_BUNDLE_IDENTIFIER = "com.585.UI-453";
				PRODUCT_NAME = "UI-453";
				SDKROOT = iphoneos;
				SWIFT_EMIT_LOC_STRINGS = YES;
				SWIFT_VERSION = 5.0;
				TARGETED_DEVICE_FAMILY = "1,2";
			};
			name = Debug;
		};
		478B20E427B15B8100406CF3 /* Release */ = {
			isa = XCBuildConfiguration;
			buildSettings = {
				ASSETCATALOG_COMPILER_APPICON_NAME = AppIcon;
				ASSETCATALOG_COMPILER_GLOBAL_ACCENT_COLOR_NAME = AccentColor;
				CODE_SIGN_STYLE = Automatic;
				CURRENT_PROJECT_VERSION = 1;
				DEVELOPMENT_TEAM = 8CL4U468K5;
				ENABLE_PREVIEWS = YES;
				GENERATE_INFOPLIST_FILE = YES;
				INFOPLIST_KEY_UIApplicationSceneManifest_Generation = YES;
				INFOPLIST_KEY_UIApplicationSupportsIndirectInputEvents = YES;
				INFOPLIST_KEY_UILaunchScreen_Generation = YES;
				INFOPLIST_KEY_UISupportedInterfaceOrientations_iPad = "UIInterfaceOrientationPortrait UIInterfaceOrientationPortraitUpsideDown UIInterfaceOrientationLandscapeLeft UIInterfaceOrientationLandscapeRight";
				INFOPLIST_KEY_UISupportedInterfaceOrientations_iPhone = "UIInterfaceOrientationPortrait UIInterfaceOrientationLandscapeLeft UIInterfaceOrientationLandscapeRight";
				IPHONEOS_DEPLOYMENT_TARGET = 15.2;
				LD_RUNPATH_SEARCH_PATHS = (
					"$(inherited)",
					"@executable_path/Frameworks",
				);
				MARKETING_VERSION = 1.0;
				PRODUCT_BUNDLE_IDENTIFIER = "com.585.UI-453";
				PRODUCT_NAME = "UI-453";
				SDKROOT = iphoneos;
				SWIFT_EMIT_LOC_STRINGS = YES;
				SWIFT_VERSION = 5.0;
				TARGETED_DEVICE_FAMILY = "1,2";
				VALIDATE_PRODUCT = YES;
			};
			name = Release;
		};
		478B20E627B15B8100406CF3 /* Debug */ = {
			isa = XCBuildConfiguration;
			buildSettings = {
				ASSETCATALOG_COMPILER_APPICON_NAME = AppIcon;
				ASSETCATALOG_COMPILER_GLOBAL_ACCENT_COLOR_NAME = AccentColor;
				CODE_SIGN_ENTITLEMENTS = macOS/macOS.entitlements;
				CODE_SIGN_STYLE = Automatic;
				COMBINE_HIDPI_IMAGES = YES;
				CURRENT_PROJECT_VERSION = 1;
				DEVELOPMENT_TEAM = 8CL4U468K5;
				ENABLE_HARDENED_RUNTIME = YES;
				ENABLE_PREVIEWS = YES;
				GENERATE_INFOPLIST_FILE = YES;
				INFOPLIST_KEY_NSHumanReadableCopyright = "";
				LD_RUNPATH_SEARCH_PATHS = (
					"$(inherited)",
					"@executable_path/../Frameworks",
				);
				MACOSX_DEPLOYMENT_TARGET = 12.1;
				MARKETING_VERSION = 1.0;
				PRODUCT_BUNDLE_IDENTIFIER = "com.585.UI-453";
				PRODUCT_NAME = "UI-453";
				SDKROOT = macosx;
				SWIFT_EMIT_LOC_STRINGS = YES;
				SWIFT_VERSION = 5.0;
			};
			name = Debug;
		};
		478B20E727B15B8100406CF3 /* Release */ = {
			isa = XCBuildConfiguration;
			buildSettings = {
				ASSETCATALOG_COMPILER_APPICON_NAME = AppIcon;
				ASSETCATALOG_COMPILER_GLOBAL_ACCENT_COLOR_NAME = AccentColor;
				CODE_SIGN_ENTITLEMENTS = macOS/macOS.entitlements;
				CODE_SIGN_STYLE = Automatic;
				COMBINE_HIDPI_IMAGES = YES;
				CURRENT_PROJECT_VERSION = 1;
				DEVELOPMENT_TEAM = 8CL4U468K5;
				ENABLE_HARDENED_RUNTIME = YES;
				ENABLE_PREVIEWS = YES;
				GENERATE_INFOPLIST_FILE = YES;
				INFOPLIST_KEY_NSHumanReadableCopyright = "";
				LD_RUNPATH_SEARCH_PATHS = (
					"$(inherited)",
					"@executable_path/../Frameworks",
				);
				MACOSX_DEPLOYMENT_TARGET = 12.1;
				MARKETING_VERSION = 1.0;
				PRODUCT_BUNDLE_IDENTIFIER = "com.585.UI-453";
				PRODUCT_NAME = "UI-453";
				SDKROOT = macosx;
				SWIFT_EMIT_LOC_STRINGS = YES;
				SWIFT_VERSION = 5.0;
			};
			name = Release;
		};
		478B20E927B15B8100406CF3 /* Debug */ = {
			isa = XCBuildConfiguration;
			buildSettings = {
				ALWAYS_EMBED_SWIFT_STANDARD_LIBRARIES = YES;
				CODE_SIGN_STYLE = Automatic;
				CURRENT_PROJECT_VERSION = 1;
				DEVELOPMENT_TEAM = 8CL4U468K5;
				GENERATE_INFOPLIST_FILE = YES;
				IPHONEOS_DEPLOYMENT_TARGET = 15.2;
				MARKETING_VERSION = 1.0;
				PRODUCT_BUNDLE_IDENTIFIER = "com.585.Tests-iOS";
				PRODUCT_NAME = "$(TARGET_NAME)";
				SDKROOT = iphoneos;
				SWIFT_EMIT_LOC_STRINGS = NO;
				SWIFT_VERSION = 5.0;
				TARGETED_DEVICE_FAMILY = "1,2";
				TEST_TARGET_NAME = "UI-453 (iOS)";
			};
			name = Debug;
		};
		478B20EA27B15B8100406CF3 /* Release */ = {
			isa = XCBuildConfiguration;
			buildSettings = {
				ALWAYS_EMBED_SWIFT_STANDARD_LIBRARIES = YES;
				CODE_SIGN_STYLE = Automatic;
				CURRENT_PROJECT_VERSION = 1;
				DEVELOPMENT_TEAM = 8CL4U468K5;
				GENERATE_INFOPLIST_FILE = YES;
				IPHONEOS_DEPLOYMENT_TARGET = 15.2;
				MARKETING_VERSION = 1.0;
				PRODUCT_BUNDLE_IDENTIFIER = "com.585.Tests-iOS";
				PRODUCT_NAME = "$(TARGET_NAME)";
				SDKROOT = iphoneos;
				SWIFT_EMIT_LOC_STRINGS = NO;
				SWIFT_VERSION = 5.0;
				TARGETED_DEVICE_FAMILY = "1,2";
				TEST_TARGET_NAME = "UI-453 (iOS)";
				VALIDATE_PRODUCT = YES;
			};
			name = Release;
		};
		478B20EC27B15B8100406CF3 /* Debug */ = {
			isa = XCBuildConfiguration;
			buildSettings = {
				ALWAYS_EMBED_SWIFT_STANDARD_LIBRARIES = YES;
				CODE_SIGN_STYLE = Automatic;
				CURRENT_PROJECT_VERSION = 1;
				DEVELOPMENT_TEAM = 8CL4U468K5;
				GENERATE_INFOPLIST_FILE = YES;
				MACOSX_DEPLOYMENT_TARGET = 12.1;
				MARKETING_VERSION = 1.0;
				PRODUCT_BUNDLE_IDENTIFIER = "com.585.Tests-macOS";
				PRODUCT_NAME = "$(TARGET_NAME)";
				SDKROOT = macosx;
				SWIFT_EMIT_LOC_STRINGS = NO;
				SWIFT_VERSION = 5.0;
				TEST_TARGET_NAME = "UI-453 (macOS)";
			};
			name = Debug;
		};
		478B20ED27B15B8100406CF3 /* Release */ = {
			isa = XCBuildConfiguration;
			buildSettings = {
				ALWAYS_EMBED_SWIFT_STANDARD_LIBRARIES = YES;
				CODE_SIGN_STYLE = Automatic;
				CURRENT_PROJECT_VERSION = 1;
				DEVELOPMENT_TEAM = 8CL4U468K5;
				GENERATE_INFOPLIST_FILE = YES;
				MACOSX_DEPLOYMENT_TARGET = 12.1;
				MARKETING_VERSION = 1.0;
				PRODUCT_BUNDLE_IDENTIFIER = "com.585.Tests-macOS";
				PRODUCT_NAME = "$(TARGET_NAME)";
				SDKROOT = macosx;
				SWIFT_EMIT_LOC_STRINGS = NO;
				SWIFT_VERSION = 5.0;
				TEST_TARGET_NAME = "UI-453 (macOS)";
			};
			name = Release;
		};
/* End XCBuildConfiguration section */

/* Begin XCConfigurationList section */
		478B20B027B15B8000406CF3 /* Build configuration list for PBXProject "UI-453" */ = {
			isa = XCConfigurationList;
			buildConfigurations = (
				478B20E027B15B8100406CF3 /* Debug */,
				478B20E127B15B8100406CF3 /* Release */,
			);
			defaultConfigurationIsVisible = 0;
			defaultConfigurationName = Release;
		};
		478B20E227B15B8100406CF3 /* Build configuration list for PBXNativeTarget "UI-453 (iOS)" */ = {
			isa = XCConfigurationList;
			buildConfigurations = (
				478B20E327B15B8100406CF3 /* Debug */,
				478B20E427B15B8100406CF3 /* Release */,
			);
			defaultConfigurationIsVisible = 0;
			defaultConfigurationName = Release;
		};
		478B20E527B15B8100406CF3 /* Build configuration list for PBXNativeTarget "UI-453 (macOS)" */ = {
			isa = XCConfigurationList;
			buildConfigurations = (
				478B20E627B15B8100406CF3 /* Debug */,
				478B20E727B15B8100406CF3 /* Release */,
			);
			defaultConfigurationIsVisible = 0;
			defaultConfigurationName = Release;
		};
		478B20E827B15B8100406CF3 /* Build configuration list for PBXNativeTarget "Tests iOS" */ = {
			isa = XCConfigurationList;
			buildConfigurations = (
				478B20E927B15B8100406CF3 /* Debug */,
				478B20EA27B15B8100406CF3 /* Release */,
			);
			defaultConfigurationIsVisible = 0;
			defaultConfigurationName = Release;
		};
		478B20EB27B15B8100406CF3 /* Build configuration list for PBXNativeTarget "Tests macOS" */ = {
			isa = XCConfigurationList;
			buildConfigurations = (
				478B20EC27B15B8100406CF3 /* Debug */,
				478B20ED27B15B8100406CF3 /* Release */,
			);
			defaultConfigurationIsVisible = 0;
			defaultConfigurationName = Release;
		};
/* End XCConfigurationList section */
	};
	rootObject = 478B20AD27B15B8000406CF3 /* Project object */;
}
